
Microsoft Visual Studio Solution File, Format Version 12.00
# Visual Studio 15
VisualStudioVersion = 15.0.28307.1705
MinimumVisualStudioVersion = 10.0.40219.1
Project("{159641D6-6404-4A2A-AE62-294DE0FE8301}") = "FinalProjectCOURSE", "FinalProjectCOURSE\FinalProjectCOURSE.dtproj", "{6D87EC25-AD80-47A4-B704-E9139A3ED516}"
EndProject
Global
	GlobalSection(SolutionConfigurationPlatforms) = preSolution
		Development|Default = Development|Default
	EndGlobalSection
	GlobalSection(ProjectConfigurationPlatforms) = postSolution
		{6D87EC25-AD80-47A4-B704-E9139A3ED516}.Development|Default.ActiveCfg = Development
		{6D87EC25-AD80-47A4-B704-E9139A3ED516}.Development|Default.Build.0 = Development
	EndGlobalSection
	GlobalSection(SolutionProperties) = preSolution
		HideSolutionNode = FALSE
	EndGlobalSection
	GlobalSection(ExtensibilityGlobals) = postSolution
		SolutionGuid = {C090F10D-2D9C-4DE1-8C64-2C2FD0951753}
	EndGlobalSection
EndGlobal
